
Microsoft Visual Studio Solution File, Format Version 12.00
# Visual Studio 15
VisualStudioVersion = 15.0.26730.16
MinimumVisualStudioVersion = 10.0.40219.1
Project("{F2A71F9B-5D33-465A-A702-920D77279786}") = "NethereumFSharpSample", "NethereumFSharpSample\NethereumFSharpSample.fsproj", "{B8B92874-592B-4E1E-A605-EC4F4BE4C704}"
EndProject
Global
	GlobalSection(SolutionConfigurationPlatforms) = preSolution
		Debug|Any CPU = Debug|Any CPU
		Release|Any CPU = Release|Any CPU
	EndGlobalSection
	GlobalSection(ProjectConfigurationPlatforms) = postSolution
		{B8B92874-592B-4E1E-A605-EC4F4BE4C704}.Debug|Any CPU.ActiveCfg = Debug|Any CPU
		{B8B92874-592B-4E1E-A605-EC4F4BE4C704}.Debug|Any CPU.Build.0 = Debug|Any CPU
		{B8B92874-592B-4E1E-A605-EC4F4BE4C704}.Release|Any CPU.ActiveCfg = Release|Any CPU
		{B8B92874-592B-4E1E-A605-EC4F4BE4C704}.Release|Any CPU.Build.0 = Release|Any CPU
	EndGlobalSection
	GlobalSection(SolutionProperties) = preSolution
		HideSolutionNode = FALSE
	EndGlobalSection
	GlobalSection(ExtensibilityGlobals) = postSolution
		SolutionGuid = {A19EEE18-0AC7-4C58-8489-4835D0EB3B8A}
	EndGlobalSection
EndGlobal
